
Microsoft Visual Studio Solution File, Format Version 12.00
# Visual Studio Version 16
VisualStudioVersion = 16.0.30413.136
MinimumVisualStudioVersion = 10.0.40219.1
Project("{FAE04EC0-301F-11D3-BF4B-00C04F79EFBC}") = "HappyNumbersTests", "HappyNumbersTests\HappyNumbersTests.csproj", "{F3EF0CED-AA1F-49B6-97D0-C7160C9705C1}"
EndProject
Project("{FAE04EC0-301F-11D3-BF4B-00C04F79EFBC}") = "ConsoleHappyNumbers", "ConsoleHappyNumbers\ConsoleHappyNumbers.csproj", "{6E9A01CC-5B3D-4C72-8F66-31143C181755}"
EndProject
Global
	GlobalSection(SolutionConfigurationPlatforms) = preSolution
		Debug|Any CPU = Debug|Any CPU
		Release|Any CPU = Release|Any CPU
	EndGlobalSection
	GlobalSection(ProjectConfigurationPlatforms) = postSolution
		{F3EF0CED-AA1F-49B6-97D0-C7160C9705C1}.Debug|Any CPU.ActiveCfg = Debug|Any CPU
		{F3EF0CED-AA1F-49B6-97D0-C7160C9705C1}.Debug|Any CPU.Build.0 = Debug|Any CPU
		{F3EF0CED-AA1F-49B6-97D0-C7160C9705C1}.Release|Any CPU.ActiveCfg = Release|Any CPU
		{F3EF0CED-AA1F-49B6-97D0-C7160C9705C1}.Release|Any CPU.Build.0 = Release|Any CPU
		{6E9A01CC-5B3D-4C72-8F66-31143C181755}.Debug|Any CPU.ActiveCfg = Debug|Any CPU
		{6E9A01CC-5B3D-4C72-8F66-31143C181755}.Debug|Any CPU.Build.0 = Debug|Any CPU
		{6E9A01CC-5B3D-4C72-8F66-31143C181755}.Release|Any CPU.ActiveCfg = Release|Any CPU
		{6E9A01CC-5B3D-4C72-8F66-31143C181755}.Release|Any CPU.Build.0 = Release|Any CPU
	EndGlobalSection
	GlobalSection(SolutionProperties) = preSolution
		HideSolutionNode = FALSE
	EndGlobalSection
	GlobalSection(ExtensibilityGlobals) = postSolution
		SolutionGuid = {0C9703C6-84E1-4E16-9BBC-6AD9EECDCDBD}
	EndGlobalSection
EndGlobal
